
Microsoft Visual Studio Solution File, Format Version 12.00
# Visual Studio Version 16
VisualStudioVersion = 16.0.31702.278
MinimumVisualStudioVersion = 10.0.40219.1
Project("{FAE04EC0-301F-11D3-BF4B-00C04F79EFBC}") = "Cliente", "Cliente\Cliente.csproj", "{57C83C5B-7017-429A-8FC6-2D5A5E4984E5}"
EndProject
Global
	GlobalSection(SolutionConfigurationPlatforms) = preSolution
		Debug|Any CPU = Debug|Any CPU
		Release|Any CPU = Release|Any CPU
	EndGlobalSection
	GlobalSection(ProjectConfigurationPlatforms) = postSolution
		{57C83C5B-7017-429A-8FC6-2D5A5E4984E5}.Debug|Any CPU.ActiveCfg = Debug|Any CPU
		{57C83C5B-7017-429A-8FC6-2D5A5E4984E5}.Debug|Any CPU.Build.0 = Debug|Any CPU
		{57C83C5B-7017-429A-8FC6-2D5A5E4984E5}.Release|Any CPU.ActiveCfg = Release|Any CPU
		{57C83C5B-7017-429A-8FC6-2D5A5E4984E5}.Release|Any CPU.Build.0 = Release|Any CPU
	EndGlobalSection
	GlobalSection(SolutionProperties) = preSolution
		HideSolutionNode = FALSE
	EndGlobalSection
	GlobalSection(ExtensibilityGlobals) = postSolution
		SolutionGuid = {FBDB408B-9E52-4506-8DCC-687B5C6475DD}
	EndGlobalSection
EndGlobal
